{
  "name": "codeyzerpassplugin",
  "version": "1.1.2",
  "lockfileVersion": 1,
  "requires": true,
  "dependencies": {
    "bootstrap": {
      "version": "4.5.1",
      "resolved": "https://registry.npmjs.org/bootstrap/-/bootstrap-4.5.1.tgz",
      "integrity": "sha512-bxUooHBSbvefnIZfjD0LE8nfdPKrtiFy2sgrxQwUZ0UpFzpjVbVMUxaGIoo9XWT4B2LG1HX6UQg0UMOakT0prQ=="
    },
    "jquery": {
      "version": "3.6.0",
      "resolved": "https://registry.npmjs.org/jquery/-/jquery-3.6.0.tgz",
      "integrity": "sha512-JVzAR/AjBvVt2BmYhxRCSYysDsPcssdmTFnzyLEts9qNwmjmu4JTAMYubEfwVOSwpQ1I1sKKFcxhZCI2buerfw=="
    }
  }
}
